
Microsoft Visual Studio Solution File, Format Version 12.00
# Visual Studio 14
VisualStudioVersion = 14.0.23107.0
MinimumVisualStudioVersion = 10.0.40219.1
Project("{FAE04EC0-301F-11D3-BF4B-00C04F79EFBC}") = "CustomTimer", "CustomTimer\CustomTimer.csproj", "{80A91D71-7E98-47D5-BB1D-E3E30A7550B6}"
EndProject
Project("{FAE04EC0-301F-11D3-BF4B-00C04F79EFBC}") = "CustomTimer.ConsoleUI", "CustomTimer.ConsoleUI\CustomTimer.ConsoleUI.csproj", "{7439316A-9280-4C94-8C79-8B955B862AF0}"
EndProject
Project("{FAE04EC0-301F-11D3-BF4B-00C04F79EFBC}") = "FibonnachiGenerator", "FibonnachiGenerator\FibonnachiGenerator.csproj", "{CF8E0C97-66F7-4638-A172-A583F585FC6B}"
EndProject
Project("{FAE04EC0-301F-11D3-BF4B-00C04F79EFBC}") = "GenericQueue", "GenericQueue\GenericQueue.csproj", "{BF36C92A-7EED-4916-8D90-D0FD198B442C}"
EndProject
Project("{FAE04EC0-301F-11D3-BF4B-00C04F79EFBC}") = "CustomGenericQueue.ConsoleUI", "CustomGenericQueue.ConsoleUI\CustomGenericQueue.ConsoleUI.csproj", "{2E8C70B0-9072-49B3-A7D2-B3F51B6E4268}"
EndProject
Global
	GlobalSection(SolutionConfigurationPlatforms) = preSolution
		Debug|Any CPU = Debug|Any CPU
		Release|Any CPU = Release|Any CPU
	EndGlobalSection
	GlobalSection(ProjectConfigurationPlatforms) = postSolution
		{80A91D71-7E98-47D5-BB1D-E3E30A7550B6}.Debug|Any CPU.ActiveCfg = Debug|Any CPU
		{80A91D71-7E98-47D5-BB1D-E3E30A7550B6}.Debug|Any CPU.Build.0 = Debug|Any CPU
		{80A91D71-7E98-47D5-BB1D-E3E30A7550B6}.Release|Any CPU.ActiveCfg = Release|Any CPU
		{80A91D71-7E98-47D5-BB1D-E3E30A7550B6}.Release|Any CPU.Build.0 = Release|Any CPU
		{7439316A-9280-4C94-8C79-8B955B862AF0}.Debug|Any CPU.ActiveCfg = Debug|Any CPU
		{7439316A-9280-4C94-8C79-8B955B862AF0}.Debug|Any CPU.Build.0 = Debug|Any CPU
		{7439316A-9280-4C94-8C79-8B955B862AF0}.Release|Any CPU.ActiveCfg = Release|Any CPU
		{7439316A-9280-4C94-8C79-8B955B862AF0}.Release|Any CPU.Build.0 = Release|Any CPU
		{CF8E0C97-66F7-4638-A172-A583F585FC6B}.Debug|Any CPU.ActiveCfg = Debug|Any CPU
		{CF8E0C97-66F7-4638-A172-A583F585FC6B}.Debug|Any CPU.Build.0 = Debug|Any CPU
		{CF8E0C97-66F7-4638-A172-A583F585FC6B}.Release|Any CPU.ActiveCfg = Release|Any CPU
		{CF8E0C97-66F7-4638-A172-A583F585FC6B}.Release|Any CPU.Build.0 = Release|Any CPU
		{BF36C92A-7EED-4916-8D90-D0FD198B442C}.Debug|Any CPU.ActiveCfg = Debug|Any CPU
		{BF36C92A-7EED-4916-8D90-D0FD198B442C}.Debug|Any CPU.Build.0 = Debug|Any CPU
		{BF36C92A-7EED-4916-8D90-D0FD198B442C}.Release|Any CPU.ActiveCfg = Release|Any CPU
		{BF36C92A-7EED-4916-8D90-D0FD198B442C}.Release|Any CPU.Build.0 = Release|Any CPU
		{2E8C70B0-9072-49B3-A7D2-B3F51B6E4268}.Debug|Any CPU.ActiveCfg = Debug|Any CPU
		{2E8C70B0-9072-49B3-A7D2-B3F51B6E4268}.Debug|Any CPU.Build.0 = Debug|Any CPU
		{2E8C70B0-9072-49B3-A7D2-B3F51B6E4268}.Release|Any CPU.ActiveCfg = Release|Any CPU
		{2E8C70B0-9072-49B3-A7D2-B3F51B6E4268}.Release|Any CPU.Build.0 = Release|Any CPU
	EndGlobalSection
	GlobalSection(SolutionProperties) = preSolution
		HideSolutionNode = FALSE
	EndGlobalSection
EndGlobal
